{
  "object": {
    "pins": [
      {
        "package": "Ink",
        "repositoryURL": "https://github.com/johnsundell/ink.git",
        "state": {
          "branch": null,
          "revision": "77c3d8953374a9cf5418ef0bd7108524999de85a",
          "version": "0.5.1"
        }
      },
      {
        "package": "Plot",
        "repositoryURL": "https://github.com/johnsundell/plot.git",
        "state": {
          "branch": null,
          "revision": "b358860fe565eb53e98b1f5807eb5939c8124547",
          "version": "0.11.0"
        }
      }
    ]
  },
  "version": 1
}
