{
  "object": {
    "pins": [
      {
        "package": "Ink",
        "repositoryURL": "https://github.com/johnsundell/ink.git",
        "state": {
          "branch": null,
          "revision": "c88bbce588a1ebfde2cf4d61eb9865a3edaa27d4",
          "version": "0.2.0"
        }
      },
      {
        "package": "Plot",
        "repositoryURL": "https://github.com/johnsundell/plot.git",
        "state": {
          "branch": null,
          "revision": "dd7fce79ce4802afdc7d45ce34bddc5cea566202",
          "version": "0.2.0"
        }
      }
    ]
  },
  "version": 1
}
