{
  "object": {
    "pins": [
      {
        "package": "Ink",
        "repositoryURL": "https://github.com/johnsundell/ink.git",
        "state": {
          "branch": null,
          "revision": "77c3d8953374a9cf5418ef0bd7108524999de85a",
          "version": "0.5.1"
        }
      },
      {
        "package": "Plot",
        "repositoryURL": "https://github.com/johnsundell/plot.git",
        "state": {
          "branch": null,
          "revision": "c27f6857deeb4c4623db294172a8ec572790a9be",
          "version": "0.10.0"
        }
      }
    ]
  },
  "version": 1
}
